
Microsoft Visual Studio Solution File, Format Version 12.00
# Visual Studio 15
VisualStudioVersion = 15.0.27130.2024
MinimumVisualStudioVersion = 10.0.40219.1
Project("{9A19103F-16F7-4668-BE54-9A1E7A4F7556}") = "Sudoku", "Sudoku\Sudoku.csproj", "{5918EAB6-E0C5-4662-9A3D-E1F9DAB73D3E}"
EndProject
Project("{D954291E-2A0B-460D-934E-DC6B0785DB48}") = "SudokuXam", "SudokuXam\SudokuXam\SudokuXam.shproj", "{712E7F32-8D52-42F1-85C6-48E1B2EAD799}"
EndProject
Project("{FAE04EC0-301F-11D3-BF4B-00C04F79EFBC}") = "SudokuXam.Android", "SudokuXam\SudokuXam.Android\SudokuXam.Android.csproj", "{1DB578EB-098A-4F7A-B144-CB4C424B969E}"
EndProject
Project("{FAE04EC0-301F-11D3-BF4B-00C04F79EFBC}") = "SudokuXam.iOS", "SudokuXam\SudokuXam.iOS\SudokuXam.iOS.csproj", "{A4810BE8-A24D-4C51-8384-7CEEED9AC638}"
EndProject
Project("{FAE04EC0-301F-11D3-BF4B-00C04F79EFBC}") = "SudokuXam.UWP", "SudokuXam\SudokuXam.UWP\SudokuXam.UWP.csproj", "{BD441133-FB91-465F-A631-59A52E041068}"
EndProject
Global
	GlobalSection(SharedMSBuildProjectFiles) = preSolution
		SudokuXam\SudokuXam\SudokuXam.projitems*{1db578eb-098a-4f7a-b144-cb4c424b969e}*SharedItemsImports = 4
		SudokuXam\SudokuXam\SudokuXam.projitems*{712e7f32-8d52-42f1-85c6-48e1b2ead799}*SharedItemsImports = 13
		SudokuXam\SudokuXam\SudokuXam.projitems*{a4810be8-a24d-4c51-8384-7ceeed9ac638}*SharedItemsImports = 4
		SudokuXam\SudokuXam\SudokuXam.projitems*{bd441133-fb91-465f-a631-59a52e041068}*SharedItemsImports = 4
	EndGlobalSection
	GlobalSection(SolutionConfigurationPlatforms) = preSolution
		Ad-Hoc|Any CPU = Ad-Hoc|Any CPU
		Ad-Hoc|ARM = Ad-Hoc|ARM
		Ad-Hoc|iPhone = Ad-Hoc|iPhone
		Ad-Hoc|iPhoneSimulator = Ad-Hoc|iPhoneSimulator
		Ad-Hoc|x64 = Ad-Hoc|x64
		Ad-Hoc|x86 = Ad-Hoc|x86
		AppStore|Any CPU = AppStore|Any CPU
		AppStore|ARM = AppStore|ARM
		AppStore|iPhone = AppStore|iPhone
		AppStore|iPhoneSimulator = AppStore|iPhoneSimulator
		AppStore|x64 = AppStore|x64
		AppStore|x86 = AppStore|x86
		Debug|Any CPU = Debug|Any CPU
		Debug|ARM = Debug|ARM
		Debug|iPhone = Debug|iPhone
		Debug|iPhoneSimulator = Debug|iPhoneSimulator
		Debug|x64 = Debug|x64
		Debug|x86 = Debug|x86
		Release|Any CPU = Release|Any CPU
		Release|ARM = Release|ARM
		Release|iPhone = Release|iPhone
		Release|iPhoneSimulator = Release|iPhoneSimulator
		Release|x64 = Release|x64
		Release|x86 = Release|x86
	EndGlobalSection
	GlobalSection(ProjectConfigurationPlatforms) = postSolution
		{5918EAB6-E0C5-4662-9A3D-E1F9DAB73D3E}.Ad-Hoc|Any CPU.ActiveCfg = Release|Any CPU
		{5918EAB6-E0C5-4662-9A3D-E1F9DAB73D3E}.Ad-Hoc|Any CPU.Build.0 = Release|Any CPU
		{5918EAB6-E0C5-4662-9A3D-E1F9DAB73D3E}.Ad-Hoc|ARM.ActiveCfg = Release|Any CPU
		{5918EAB6-E0C5-4662-9A3D-E1F9DAB73D3E}.Ad-Hoc|ARM.Build.0 = Release|Any CPU
		{5918EAB6-E0C5-4662-9A3D-E1F9DAB73D3E}.Ad-Hoc|iPhone.ActiveCfg = Release|Any CPU
		{5918EAB6-E0C5-4662-9A3D-E1F9DAB73D3E}.Ad-Hoc|iPhone.Build.0 = Release|Any CPU
		{5918EAB6-E0C5-4662-9A3D-E1F9DAB73D3E}.Ad-Hoc|iPhoneSimulator.ActiveCfg = Release|Any CPU
		{5918EAB6-E0C5-4662-9A3D-E1F9DAB73D3E}.Ad-Hoc|iPhoneSimulator.Build.0 = Release|Any CPU
		{5918EAB6-E0C5-4662-9A3D-E1F9DAB73D3E}.Ad-Hoc|x64.ActiveCfg = Release|Any CPU
		{5918EAB6-E0C5-4662-9A3D-E1F9DAB73D3E}.Ad-Hoc|x64.Build.0 = Release|Any CPU
		{5918EAB6-E0C5-4662-9A3D-E1F9DAB73D3E}.Ad-Hoc|x86.ActiveCfg = Release|Any CPU
		{5918EAB6-E0C5-4662-9A3D-E1F9DAB73D3E}.Ad-Hoc|x86.Build.0 = Release|Any CPU
		{5918EAB6-E0C5-4662-9A3D-E1F9DAB73D3E}.AppStore|Any CPU.ActiveCfg = Release|Any CPU
		{5918EAB6-E0C5-4662-9A3D-E1F9DAB73D3E}.AppStore|Any CPU.Build.0 = Release|Any CPU
		{5918EAB6-E0C5-4662-9A3D-E1F9DAB73D3E}.AppStore|ARM.ActiveCfg = Release|Any CPU
		{5918EAB6-E0C5-4662-9A3D-E1F9DAB73D3E}.AppStore|ARM.Build.0 = Release|Any CPU
		{5918EAB6-E0C5-4662-9A3D-E1F9DAB73D3E}.AppStore|iPhone.ActiveCfg = Release|Any CPU
		{5918EAB6-E0C5-4662-9A3D-E1F9DAB73D3E}.AppStore|iPhone.Build.0 = Release|Any CPU
		{5918EAB6-E0C5-4662-9A3D-E1F9DAB73D3E}.AppStore|iPhoneSimulator.ActiveCfg = Release|Any CPU
		{5918EAB6-E0C5-4662-9A3D-E1F9DAB73D3E}.AppStore|iPhoneSimulator.Build.0 = Release|Any CPU
		{5918EAB6-E0C5-4662-9A3D-E1F9DAB73D3E}.AppStore|x64.ActiveCfg = Release|Any CPU
		{5918EAB6-E0C5-4662-9A3D-E1F9DAB73D3E}.AppStore|x64.Build.0 = Release|Any CPU
		{5918EAB6-E0C5-4662-9A3D-E1F9DAB73D3E}.AppStore|x86.ActiveCfg = Release|Any CPU
		{5918EAB6-E0C5-4662-9A3D-E1F9DAB73D3E}.AppStore|x86.Build.0 = Release|Any CPU
		{5918EAB6-E0C5-4662-9A3D-E1F9DAB73D3E}.Debug|Any CPU.ActiveCfg = Debug|Any CPU
		{5918EAB6-E0C5-4662-9A3D-E1F9DAB73D3E}.Debug|Any CPU.Build.0 = Debug|Any CPU
		{5918EAB6-E0C5-4662-9A3D-E1F9DAB73D3E}.Debug|ARM.ActiveCfg = Debug|Any CPU
		{5918EAB6-E0C5-4662-9A3D-E1F9DAB73D3E}.Debug|ARM.Build.0 = Debug|Any CPU
		{5918EAB6-E0C5-4662-9A3D-E1F9DAB73D3E}.Debug|iPhone.ActiveCfg = Debug|Any CPU
		{5918EAB6-E0C5-4662-9A3D-E1F9DAB73D3E}.Debug|iPhone.Build.0 = Debug|Any CPU
		{5918EAB6-E0C5-4662-9A3D-E1F9DAB73D3E}.Debug|iPhoneSimulator.ActiveCfg = Debug|Any CPU
		{5918EAB6-E0C5-4662-9A3D-E1F9DAB73D3E}.Debug|iPhoneSimulator.Build.0 = Debug|Any CPU
		{5918EAB6-E0C5-4662-9A3D-E1F9DAB73D3E}.Debug|x64.ActiveCfg = Debug|Any CPU
		{5918EAB6-E0C5-4662-9A3D-E1F9DAB73D3E}.Debug|x64.Build.0 = Debug|Any CPU
		{5918EAB6-E0C5-4662-9A3D-E1F9DAB73D3E}.Debug|x86.ActiveCfg = Debug|Any CPU
		{5918EAB6-E0C5-4662-9A3D-E1F9DAB73D3E}.Debug|x86.Build.0 = Debug|Any CPU
		{5918EAB6-E0C5-4662-9A3D-E1F9DAB73D3E}.Release|Any CPU.ActiveCfg = Release|Any CPU
		{5918EAB6-E0C5-4662-9A3D-E1F9DAB73D3E}.Release|Any CPU.Build.0 = Release|Any CPU
		{5918EAB6-E0C5-4662-9A3D-E1F9DAB73D3E}.Release|ARM.ActiveCfg = Release|Any CPU
		{5918EAB6-E0C5-4662-9A3D-E1F9DAB73D3E}.Release|ARM.Build.0 = Release|Any CPU
		{5918EAB6-E0C5-4662-9A3D-E1F9DAB73D3E}.Release|iPhone.ActiveCfg = Release|Any CPU
		{5918EAB6-E0C5-4662-9A3D-E1F9DAB73D3E}.Release|iPhone.Build.0 = Release|Any CPU
		{5918EAB6-E0C5-4662-9A3D-E1F9DAB73D3E}.Release|iPhoneSimulator.ActiveCfg = Release|Any CPU
		{5918EAB6-E0C5-4662-9A3D-E1F9DAB73D3E}.Release|iPhoneSimulator.Build.0 = Release|Any CPU
		{5918EAB6-E0C5-4662-9A3D-E1F9DAB73D3E}.Release|x64.ActiveCfg = Release|Any CPU
		{5918EAB6-E0C5-4662-9A3D-E1F9DAB73D3E}.Release|x64.Build.0 = Release|Any CPU
		{5918EAB6-E0C5-4662-9A3D-E1F9DAB73D3E}.Release|x86.ActiveCfg = Release|Any CPU
		{5918EAB6-E0C5-4662-9A3D-E1F9DAB73D3E}.Release|x86.Build.0 = Release|Any CPU
		{1DB578EB-098A-4F7A-B144-CB4C424B969E}.Ad-Hoc|Any CPU.ActiveCfg = Release|Any CPU
		{1DB578EB-098A-4F7A-B144-CB4C424B969E}.Ad-Hoc|Any CPU.Build.0 = Release|Any CPU
		{1DB578EB-098A-4F7A-B144-CB4C424B969E}.Ad-Hoc|Any CPU.Deploy.0 = Release|Any CPU
		{1DB578EB-098A-4F7A-B144-CB4C424B969E}.Ad-Hoc|ARM.ActiveCfg = Release|Any CPU
		{1DB578EB-098A-4F7A-B144-CB4C424B969E}.Ad-Hoc|ARM.Build.0 = Release|Any CPU
		{1DB578EB-098A-4F7A-B144-CB4C424B969E}.Ad-Hoc|ARM.Deploy.0 = Release|Any CPU
		{1DB578EB-098A-4F7A-B144-CB4C424B969E}.Ad-Hoc|iPhone.ActiveCfg = Release|Any CPU
		{1DB578EB-098A-4F7A-B144-CB4C424B969E}.Ad-Hoc|iPhone.Build.0 = Release|Any CPU
		{1DB578EB-098A-4F7A-B144-CB4C424B969E}.Ad-Hoc|iPhone.Deploy.0 = Release|Any CPU
		{1DB578EB-098A-4F7A-B144-CB4C424B969E}.Ad-Hoc|iPhoneSimulator.ActiveCfg = Release|Any CPU
		{1DB578EB-098A-4F7A-B144-CB4C424B969E}.Ad-Hoc|iPhoneSimulator.Build.0 = Release|Any CPU
		{1DB578EB-098A-4F7A-B144-CB4C424B969E}.Ad-Hoc|iPhoneSimulator.Deploy.0 = Release|Any CPU
		{1DB578EB-098A-4F7A-B144-CB4C424B969E}.Ad-Hoc|x64.ActiveCfg = Release|Any CPU
		{1DB578EB-098A-4F7A-B144-CB4C424B969E}.Ad-Hoc|x64.Build.0 = Release|Any CPU
		{1DB578EB-098A-4F7A-B144-CB4C424B969E}.Ad-Hoc|x64.Deploy.0 = Release|Any CPU
		{1DB578EB-098A-4F7A-B144-CB4C424B969E}.Ad-Hoc|x86.ActiveCfg = Release|Any CPU
		{1DB578EB-098A-4F7A-B144-CB4C424B969E}.Ad-Hoc|x86.Build.0 = Release|Any CPU
		{1DB578EB-098A-4F7A-B144-CB4C424B969E}.Ad-Hoc|x86.Deploy.0 = Release|Any CPU
		{1DB578EB-098A-4F7A-B144-CB4C424B969E}.AppStore|Any CPU.ActiveCfg = Release|Any CPU
		{1DB578EB-098A-4F7A-B144-CB4C424B969E}.AppStore|Any CPU.Build.0 = Release|Any CPU
		{1DB578EB-098A-4F7A-B144-CB4C424B969E}.AppStore|Any CPU.Deploy.0 = Release|Any CPU
		{1DB578EB-098A-4F7A-B144-CB4C424B969E}.AppStore|ARM.ActiveCfg = Release|Any CPU
		{1DB578EB-098A-4F7A-B144-CB4C424B969E}.AppStore|ARM.Build.0 = Release|Any CPU
		{1DB578EB-098A-4F7A-B144-CB4C424B969E}.AppStore|ARM.Deploy.0 = Release|Any CPU
		{1DB578EB-098A-4F7A-B144-CB4C424B969E}.AppStore|iPhone.ActiveCfg = Release|Any CPU
		{1DB578EB-098A-4F7A-B144-CB4C424B969E}.AppStore|iPhone.Build.0 = Release|Any CPU
		{1DB578EB-098A-4F7A-B144-CB4C424B969E}.AppStore|iPhone.Deploy.0 = Release|Any CPU
		{1DB578EB-098A-4F7A-B144-CB4C424B969E}.AppStore|iPhoneSimulator.ActiveCfg = Release|Any CPU
		{1DB578EB-098A-4F7A-B144-CB4C424B969E}.AppStore|iPhoneSimulator.Build.0 = Release|Any CPU
		{1DB578EB-098A-4F7A-B144-CB4C424B969E}.AppStore|iPhoneSimulator.Deploy.0 = Release|Any CPU
		{1DB578EB-098A-4F7A-B144-CB4C424B969E}.AppStore|x64.ActiveCfg = Release|Any CPU
		{1DB578EB-098A-4F7A-B144-CB4C424B969E}.AppStore|x64.Build.0 = Release|Any CPU
		{1DB578EB-098A-4F7A-B144-CB4C424B969E}.AppStore|x64.Deploy.0 = Release|Any CPU
		{1DB578EB-098A-4F7A-B144-CB4C424B969E}.AppStore|x86.ActiveCfg = Release|Any CPU
		{1DB578EB-098A-4F7A-B144-CB4C424B969E}.AppStore|x86.Build.0 = Release|Any CPU
		{1DB578EB-098A-4F7A-B144-CB4C424B969E}.AppStore|x86.Deploy.0 = Release|Any CPU
		{1DB578EB-098A-4F7A-B144-CB4C424B969E}.Debug|Any CPU.ActiveCfg = Debug|Any CPU
		{1DB578EB-098A-4F7A-B144-CB4C424B969E}.Debug|Any CPU.Build.0 = Debug|Any CPU
		{1DB578EB-098A-4F7A-B144-CB4C424B969E}.Debug|Any CPU.Deploy.0 = Debug|Any CPU
		{1DB578EB-098A-4F7A-B144-CB4C424B969E}.Debug|ARM.ActiveCfg = Debug|Any CPU
		{1DB578EB-098A-4F7A-B144-CB4C424B969E}.Debug|ARM.Build.0 = Debug|Any CPU
		{1DB578EB-098A-4F7A-B144-CB4C424B969E}.Debug|ARM.Deploy.0 = Debug|Any CPU
		{1DB578EB-098A-4F7A-B144-CB4C424B969E}.Debug|iPhone.ActiveCfg = Debug|Any CPU
		{1DB578EB-098A-4F7A-B144-CB4C424B969E}.Debug|iPhone.Build.0 = Debug|Any CPU
		{1DB578EB-098A-4F7A-B144-CB4C424B969E}.Debug|iPhone.Deploy.0 = Debug|Any CPU
		{1DB578EB-098A-4F7A-B144-CB4C424B969E}.Debug|iPhoneSimulator.ActiveCfg = Debug|Any CPU
		{1DB578EB-098A-4F7A-B144-CB4C424B969E}.Debug|iPhoneSimulator.Build.0 = Debug|Any CPU
		{1DB578EB-098A-4F7A-B144-CB4C424B969E}.Debug|iPhoneSimulator.Deploy.0 = Debug|Any CPU
		{1DB578EB-098A-4F7A-B144-CB4C424B969E}.Debug|x64.ActiveCfg = Debug|Any CPU
		{1DB578EB-098A-4F7A-B144-CB4C424B969E}.Debug|x64.Build.0 = Debug|Any CPU
		{1DB578EB-098A-4F7A-B144-CB4C424B969E}.Debug|x64.Deploy.0 = Debug|Any CPU
		{1DB578EB-098A-4F7A-B144-CB4C424B969E}.Debug|x86.ActiveCfg = Debug|Any CPU
		{1DB578EB-098A-4F7A-B144-CB4C424B969E}.Debug|x86.Build.0 = Debug|Any CPU
		{1DB578EB-098A-4F7A-B144-CB4C424B969E}.Debug|x86.Deploy.0 = Debug|Any CPU
		{1DB578EB-098A-4F7A-B144-CB4C424B969E}.Release|Any CPU.ActiveCfg = Release|Any CPU
		{1DB578EB-098A-4F7A-B144-CB4C424B969E}.Release|Any CPU.Build.0 = Release|Any CPU
		{1DB578EB-098A-4F7A-B144-CB4C424B969E}.Release|Any CPU.Deploy.0 = Release|Any CPU
		{1DB578EB-098A-4F7A-B144-CB4C424B969E}.Release|ARM.ActiveCfg = Release|Any CPU
		{1DB578EB-098A-4F7A-B144-CB4C424B969E}.Release|ARM.Build.0 = Release|Any CPU
		{1DB578EB-098A-4F7A-B144-CB4C424B969E}.Release|ARM.Deploy.0 = Release|Any CPU
		{1DB578EB-098A-4F7A-B144-CB4C424B969E}.Release|iPhone.ActiveCfg = Release|Any CPU
		{1DB578EB-098A-4F7A-B144-CB4C424B969E}.Release|iPhone.Build.0 = Release|Any CPU
		{1DB578EB-098A-4F7A-B144-CB4C424B969E}.Release|iPhone.Deploy.0 = Release|Any CPU
		{1DB578EB-098A-4F7A-B144-CB4C424B969E}.Release|iPhoneSimulator.ActiveCfg = Release|Any CPU
		{1DB578EB-098A-4F7A-B144-CB4C424B969E}.Release|iPhoneSimulator.Build.0 = Release|Any CPU
		{1DB578EB-098A-4F7A-B144-CB4C424B969E}.Release|iPhoneSimulator.Deploy.0 = Release|Any CPU
		{1DB578EB-098A-4F7A-B144-CB4C424B969E}.Release|x64.ActiveCfg = Release|Any CPU
		{1DB578EB-098A-4F7A-B144-CB4C424B969E}.Release|x64.Build.0 = Release|Any CPU
		{1DB578EB-098A-4F7A-B144-CB4C424B969E}.Release|x64.Deploy.0 = Release|Any CPU
		{1DB578EB-098A-4F7A-B144-CB4C424B969E}.Release|x86.ActiveCfg = Release|Any CPU
		{1DB578EB-098A-4F7A-B144-CB4C424B969E}.Release|x86.Build.0 = Release|Any CPU
		{1DB578EB-098A-4F7A-B144-CB4C424B969E}.Release|x86.Deploy.0 = Release|Any CPU
		{A4810BE8-A24D-4C51-8384-7CEEED9AC638}.Ad-Hoc|Any CPU.ActiveCfg = Ad-Hoc|iPhoneSimulator
		{A4810BE8-A24D-4C51-8384-7CEEED9AC638}.Ad-Hoc|ARM.ActiveCfg = Ad-Hoc|iPhone
		{A4810BE8-A24D-4C51-8384-7CEEED9AC638}.Ad-Hoc|iPhone.ActiveCfg = Ad-Hoc|iPhone
		{A4810BE8-A24D-4C51-8384-7CEEED9AC638}.Ad-Hoc|iPhone.Build.0 = Ad-Hoc|iPhone
		{A4810BE8-A24D-4C51-8384-7CEEED9AC638}.Ad-Hoc|iPhoneSimulator.ActiveCfg = Ad-Hoc|iPhoneSimulator
		{A4810BE8-A24D-4C51-8384-7CEEED9AC638}.Ad-Hoc|iPhoneSimulator.Build.0 = Ad-Hoc|iPhoneSimulator
		{A4810BE8-A24D-4C51-8384-7CEEED9AC638}.Ad-Hoc|x64.ActiveCfg = Ad-Hoc|iPhone
		{A4810BE8-A24D-4C51-8384-7CEEED9AC638}.Ad-Hoc|x86.ActiveCfg = Ad-Hoc|iPhone
		{A4810BE8-A24D-4C51-8384-7CEEED9AC638}.AppStore|Any CPU.ActiveCfg = AppStore|iPhoneSimulator
		{A4810BE8-A24D-4C51-8384-7CEEED9AC638}.AppStore|ARM.ActiveCfg = AppStore|iPhone
		{A4810BE8-A24D-4C51-8384-7CEEED9AC638}.AppStore|iPhone.ActiveCfg = AppStore|iPhone
		{A4810BE8-A24D-4C51-8384-7CEEED9AC638}.AppStore|iPhone.Build.0 = AppStore|iPhone
		{A4810BE8-A24D-4C51-8384-7CEEED9AC638}.AppStore|iPhoneSimulator.ActiveCfg = AppStore|iPhoneSimulator
		{A4810BE8-A24D-4C51-8384-7CEEED9AC638}.AppStore|iPhoneSimulator.Build.0 = AppStore|iPhoneSimulator
		{A4810BE8-A24D-4C51-8384-7CEEED9AC638}.AppStore|x64.ActiveCfg = AppStore|iPhone
		{A4810BE8-A24D-4C51-8384-7CEEED9AC638}.AppStore|x86.ActiveCfg = AppStore|iPhone
		{A4810BE8-A24D-4C51-8384-7CEEED9AC638}.Debug|Any CPU.ActiveCfg = Debug|iPhoneSimulator
		{A4810BE8-A24D-4C51-8384-7CEEED9AC638}.Debug|ARM.ActiveCfg = Debug|iPhone
		{A4810BE8-A24D-4C51-8384-7CEEED9AC638}.Debug|iPhone.ActiveCfg = Debug|iPhone
		{A4810BE8-A24D-4C51-8384-7CEEED9AC638}.Debug|iPhone.Build.0 = Debug|iPhone
		{A4810BE8-A24D-4C51-8384-7CEEED9AC638}.Debug|iPhoneSimulator.ActiveCfg = Debug|iPhoneSimulator
		{A4810BE8-A24D-4C51-8384-7CEEED9AC638}.Debug|iPhoneSimulator.Build.0 = Debug|iPhoneSimulator
		{A4810BE8-A24D-4C51-8384-7CEEED9AC638}.Debug|x64.ActiveCfg = Debug|iPhone
		{A4810BE8-A24D-4C51-8384-7CEEED9AC638}.Debug|x86.ActiveCfg = Debug|iPhone
		{A4810BE8-A24D-4C51-8384-7CEEED9AC638}.Release|Any CPU.ActiveCfg = Release|iPhoneSimulator
		{A4810BE8-A24D-4C51-8384-7CEEED9AC638}.Release|ARM.ActiveCfg = Release|iPhone
		{A4810BE8-A24D-4C51-8384-7CEEED9AC638}.Release|iPhone.ActiveCfg = Release|iPhone
		{A4810BE8-A24D-4C51-8384-7CEEED9AC638}.Release|iPhone.Build.0 = Release|iPhone
		{A4810BE8-A24D-4C51-8384-7CEEED9AC638}.Release|iPhoneSimulator.ActiveCfg = Release|iPhoneSimulator
		{A4810BE8-A24D-4C51-8384-7CEEED9AC638}.Release|iPhoneSimulator.Build.0 = Release|iPhoneSimulator
		{A4810BE8-A24D-4C51-8384-7CEEED9AC638}.Release|x64.ActiveCfg = Release|iPhone
		{A4810BE8-A24D-4C51-8384-7CEEED9AC638}.Release|x86.ActiveCfg = Release|iPhone
		{BD441133-FB91-465F-A631-59A52E041068}.Ad-Hoc|Any CPU.ActiveCfg = Release|x86
		{BD441133-FB91-465F-A631-59A52E041068}.Ad-Hoc|Any CPU.Build.0 = Release|x86
		{BD441133-FB91-465F-A631-59A52E041068}.Ad-Hoc|Any CPU.Deploy.0 = Release|x86
		{BD441133-FB91-465F-A631-59A52E041068}.Ad-Hoc|ARM.ActiveCfg = Release|ARM
		{BD441133-FB91-465F-A631-59A52E041068}.Ad-Hoc|ARM.Build.0 = Release|ARM
		{BD441133-FB91-465F-A631-59A52E041068}.Ad-Hoc|ARM.Deploy.0 = Release|ARM
		{BD441133-FB91-465F-A631-59A52E041068}.Ad-Hoc|iPhone.ActiveCfg = Release|x86
		{BD441133-FB91-465F-A631-59A52E041068}.Ad-Hoc|iPhone.Build.0 = Release|x86
		{BD441133-FB91-465F-A631-59A52E041068}.Ad-Hoc|iPhone.Deploy.0 = Release|x86
		{BD441133-FB91-465F-A631-59A52E041068}.Ad-Hoc|iPhoneSimulator.ActiveCfg = Release|x86
		{BD441133-FB91-465F-A631-59A52E041068}.Ad-Hoc|iPhoneSimulator.Build.0 = Release|x86
		{BD441133-FB91-465F-A631-59A52E041068}.Ad-Hoc|iPhoneSimulator.Deploy.0 = Release|x86
		{BD441133-FB91-465F-A631-59A52E041068}.Ad-Hoc|x64.ActiveCfg = Release|x64
		{BD441133-FB91-465F-A631-59A52E041068}.Ad-Hoc|x64.Build.0 = Release|x64
		{BD441133-FB91-465F-A631-59A52E041068}.Ad-Hoc|x64.Deploy.0 = Release|x64
		{BD441133-FB91-465F-A631-59A52E041068}.Ad-Hoc|x86.ActiveCfg = Release|x86
		{BD441133-FB91-465F-A631-59A52E041068}.Ad-Hoc|x86.Build.0 = Release|x86
		{BD441133-FB91-465F-A631-59A52E041068}.Ad-Hoc|x86.Deploy.0 = Release|x86
		{BD441133-FB91-465F-A631-59A52E041068}.AppStore|Any CPU.ActiveCfg = Release|x86
		{BD441133-FB91-465F-A631-59A52E041068}.AppStore|Any CPU.Build.0 = Release|x86
		{BD441133-FB91-465F-A631-59A52E041068}.AppStore|Any CPU.Deploy.0 = Release|x86
		{BD441133-FB91-465F-A631-59A52E041068}.AppStore|ARM.ActiveCfg = Release|ARM
		{BD441133-FB91-465F-A631-59A52E041068}.AppStore|ARM.Build.0 = Release|ARM
		{BD441133-FB91-465F-A631-59A52E041068}.AppStore|ARM.Deploy.0 = Release|ARM
		{BD441133-FB91-465F-A631-59A52E041068}.AppStore|iPhone.ActiveCfg = Release|x86
		{BD441133-FB91-465F-A631-59A52E041068}.AppStore|iPhone.Build.0 = Release|x86
		{BD441133-FB91-465F-A631-59A52E041068}.AppStore|iPhone.Deploy.0 = Release|x86
		{BD441133-FB91-465F-A631-59A52E041068}.AppStore|iPhoneSimulator.ActiveCfg = Release|x86
		{BD441133-FB91-465F-A631-59A52E041068}.AppStore|iPhoneSimulator.Build.0 = Release|x86
		{BD441133-FB91-465F-A631-59A52E041068}.AppStore|iPhoneSimulator.Deploy.0 = Release|x86
		{BD441133-FB91-465F-A631-59A52E041068}.AppStore|x64.ActiveCfg = Release|x64
		{BD441133-FB91-465F-A631-59A52E041068}.AppStore|x64.Build.0 = Release|x64
		{BD441133-FB91-465F-A631-59A52E041068}.AppStore|x64.Deploy.0 = Release|x64
		{BD441133-FB91-465F-A631-59A52E041068}.AppStore|x86.ActiveCfg = Release|x86
		{BD441133-FB91-465F-A631-59A52E041068}.AppStore|x86.Build.0 = Release|x86
		{BD441133-FB91-465F-A631-59A52E041068}.AppStore|x86.Deploy.0 = Release|x86
		{BD441133-FB91-465F-A631-59A52E041068}.Debug|Any CPU.ActiveCfg = Debug|x86
		{BD441133-FB91-465F-A631-59A52E041068}.Debug|ARM.ActiveCfg = Debug|ARM
		{BD441133-FB91-465F-A631-59A52E041068}.Debug|ARM.Build.0 = Debug|ARM
		{BD441133-FB91-465F-A631-59A52E041068}.Debug|ARM.Deploy.0 = Debug|ARM
		{BD441133-FB91-465F-A631-59A52E041068}.Debug|iPhone.ActiveCfg = Debug|x86
		{BD441133-FB91-465F-A631-59A52E041068}.Debug|iPhoneSimulator.ActiveCfg = Debug|x86
		{BD441133-FB91-465F-A631-59A52E041068}.Debug|x64.ActiveCfg = Debug|x64
		{BD441133-FB91-465F-A631-59A52E041068}.Debug|x64.Build.0 = Debug|x64
		{BD441133-FB91-465F-A631-59A52E041068}.Debug|x64.Deploy.0 = Debug|x64
		{BD441133-FB91-465F-A631-59A52E041068}.Debug|x86.ActiveCfg = Debug|x86
		{BD441133-FB91-465F-A631-59A52E041068}.Debug|x86.Build.0 = Debug|x86
		{BD441133-FB91-465F-A631-59A52E041068}.Debug|x86.Deploy.0 = Debug|x86
		{BD441133-FB91-465F-A631-59A52E041068}.Release|Any CPU.ActiveCfg = Release|x86
		{BD441133-FB91-465F-A631-59A52E041068}.Release|ARM.ActiveCfg = Release|ARM
		{BD441133-FB91-465F-A631-59A52E041068}.Release|ARM.Build.0 = Release|ARM
		{BD441133-FB91-465F-A631-59A52E041068}.Release|ARM.Deploy.0 = Release|ARM
		{BD441133-FB91-465F-A631-59A52E041068}.Release|iPhone.ActiveCfg = Release|x86
		{BD441133-FB91-465F-A631-59A52E041068}.Release|iPhoneSimulator.ActiveCfg = Release|x86
		{BD441133-FB91-465F-A631-59A52E041068}.Release|x64.ActiveCfg = Release|x64
		{BD441133-FB91-465F-A631-59A52E041068}.Release|x64.Build.0 = Release|x64
		{BD441133-FB91-465F-A631-59A52E041068}.Release|x64.Deploy.0 = Release|x64
		{BD441133-FB91-465F-A631-59A52E041068}.Release|x86.ActiveCfg = Release|x86
		{BD441133-FB91-465F-A631-59A52E041068}.Release|x86.Build.0 = Release|x86
		{BD441133-FB91-465F-A631-59A52E041068}.Release|x86.Deploy.0 = Release|x86
	EndGlobalSection
	GlobalSection(SolutionProperties) = preSolution
		HideSolutionNode = FALSE
	EndGlobalSection
	GlobalSection(ExtensibilityGlobals) = postSolution
		SolutionGuid = {B006F30E-B9F3-4CB2-A358-4EBAFDC717B6}
	EndGlobalSection
EndGlobal
